# This file is automatically @generated by Cargo.
# It is not intended for manual editing.
version = 4

[[package]]
name = "_examples"
version = "0.0.0-dev-2026-01-19.4531"
dependencies = [
 "anyhow",
 "ordermap",
]

[[package]]
name = "anyhow"
version = "1.0.100"
source = "registry+https://github.com/rust-lang/crates.io-index"
checksum = "a23eb6b1614318a8071c9b2521f36b424b2c83db5eb3a0fead4a6c0809af6e61"

[[package]]
name = "ordermap"
version = "1.1.0"
source = "registry+https://github.com/rust-lang/crates.io-index"
checksum = "cfa78c92071bbd3628c22b1a964f7e0eb201dc1456555db072beb1662ecd6715"
dependencies = [
 "indexmap 2.13.0",
]
